
Microsoft Visual Studio Solution File, Format Version 12.00
# Visual Studio 14
VisualStudioVersion = 14.0.25420.1
MinimumVisualStudioVersion = 10.0.40219.1
Project("{FAE04EC0-301F-11D3-BF4B-00C04F79EFBC}") = "01.LargestCommonEnd", "01.LargestCommonEnd\01.LargestCommonEnd.csproj", "{4419423B-6BD1-4131-BFDD-A030D29307B1}"
EndProject
Project("{FAE04EC0-301F-11D3-BF4B-00C04F79EFBC}") = "02.RotateAndSum", "02.RotateAndSum\02.RotateAndSum.csproj", "{9204F3CA-B2F1-4EB1-938B-F0786FD79CE5}"
EndProject
Project("{FAE04EC0-301F-11D3-BF4B-00C04F79EFBC}") = "03.FoldAndSum", "03.FoldAndSum\03.FoldAndSum.csproj", "{F48C7AE1-D319-4915-83DF-34CC10E58507}"
EndProject
Project("{FAE04EC0-301F-11D3-BF4B-00C04F79EFBC}") = "SieveOfEratosthenes", "SieveOfEratosthenes\SieveOfEratosthenes.csproj", "{A535F9E0-C8DD-426F-934E-17F10127A705}"
EndProject
Project("{FAE04EC0-301F-11D3-BF4B-00C04F79EFBC}") = "05.CompareCharArray", "05.CompareCharArray\05.CompareCharArray.csproj", "{E664DB04-1B2C-4E2E-8BD4-C65218244563}"
EndProject
Project("{FAE04EC0-301F-11D3-BF4B-00C04F79EFBC}") = "06.MaxSequenceOfNumbers", "06.MaxSequenceOfNumbers\06.MaxSequenceOfNumbers.csproj", "{B7941493-0F7F-450E-8F6F-45BDE098F93F}"
EndProject
Project("{FAE04EC0-301F-11D3-BF4B-00C04F79EFBC}") = "07.MaxSequenceOf ncreasingElements", "07.MaxSequenceOf ncreasingElements\07.MaxSequenceOf ncreasingElements.csproj", "{863D4109-E39C-4E55-91DA-1A04CB10558A}"
EndProject
Project("{FAE04EC0-301F-11D3-BF4B-00C04F79EFBC}") = "08.MostFrequentNumber", "08.MostFrequentNumber\08.MostFrequentNumber.csproj", "{1822852F-5589-40B9-8F86-7C2F881322C4}"
EndProject
Project("{FAE04EC0-301F-11D3-BF4B-00C04F79EFBC}") = "09.IndexOfLetters", "09.IndexOfLetters\09.IndexOfLetters.csproj", "{4358E4D9-D210-48AC-844A-BA46F71F769D}"
EndProject
Project("{FAE04EC0-301F-11D3-BF4B-00C04F79EFBC}") = "10.PairsByDIfference", "10.PairsByDIfference\10.PairsByDIfference.csproj", "{875199DE-6CC4-40F8-B7E8-DA80F72FB5E8}"
EndProject
Project("{FAE04EC0-301F-11D3-BF4B-00C04F79EFBC}") = "11.EqualSums", "11.EqualSums\11.EqualSums.csproj", "{316C2019-FCF4-4E3E-A4E5-07B433E0971B}"
EndProject
Global
	GlobalSection(SolutionConfigurationPlatforms) = preSolution
		Debug|Any CPU = Debug|Any CPU
		Debug|ARM = Debug|ARM
		Debug|x64 = Debug|x64
		Debug|x86 = Debug|x86
		Release|Any CPU = Release|Any CPU
		Release|ARM = Release|ARM
		Release|x64 = Release|x64
		Release|x86 = Release|x86
	EndGlobalSection
	GlobalSection(ProjectConfigurationPlatforms) = postSolution
		{4419423B-6BD1-4131-BFDD-A030D29307B1}.Debug|Any CPU.ActiveCfg = Debug|Any CPU
		{4419423B-6BD1-4131-BFDD-A030D29307B1}.Debug|Any CPU.Build.0 = Debug|Any CPU
		{4419423B-6BD1-4131-BFDD-A030D29307B1}.Debug|ARM.ActiveCfg = Debug|Any CPU
		{4419423B-6BD1-4131-BFDD-A030D29307B1}.Debug|ARM.Build.0 = Debug|Any CPU
		{4419423B-6BD1-4131-BFDD-A030D29307B1}.Debug|x64.ActiveCfg = Debug|Any CPU
		{4419423B-6BD1-4131-BFDD-A030D29307B1}.Debug|x64.Build.0 = Debug|Any CPU
		{4419423B-6BD1-4131-BFDD-A030D29307B1}.Debug|x86.ActiveCfg = Debug|Any CPU
		{4419423B-6BD1-4131-BFDD-A030D29307B1}.Debug|x86.Build.0 = Debug|Any CPU
		{4419423B-6BD1-4131-BFDD-A030D29307B1}.Release|Any CPU.ActiveCfg = Release|Any CPU
		{4419423B-6BD1-4131-BFDD-A030D29307B1}.Release|Any CPU.Build.0 = Release|Any CPU
		{4419423B-6BD1-4131-BFDD-A030D29307B1}.Release|ARM.ActiveCfg = Release|Any CPU
		{4419423B-6BD1-4131-BFDD-A030D29307B1}.Release|ARM.Build.0 = Release|Any CPU
		{4419423B-6BD1-4131-BFDD-A030D29307B1}.Release|x64.ActiveCfg = Release|Any CPU
		{4419423B-6BD1-4131-BFDD-A030D29307B1}.Release|x64.Build.0 = Release|Any CPU
		{4419423B-6BD1-4131-BFDD-A030D29307B1}.Release|x86.ActiveCfg = Release|Any CPU
		{4419423B-6BD1-4131-BFDD-A030D29307B1}.Release|x86.Build.0 = Release|Any CPU
		{9204F3CA-B2F1-4EB1-938B-F0786FD79CE5}.Debug|Any CPU.ActiveCfg = Debug|Any CPU
		{9204F3CA-B2F1-4EB1-938B-F0786FD79CE5}.Debug|Any CPU.Build.0 = Debug|Any CPU
		{9204F3CA-B2F1-4EB1-938B-F0786FD79CE5}.Debug|ARM.ActiveCfg = Debug|Any CPU
		{9204F3CA-B2F1-4EB1-938B-F0786FD79CE5}.Debug|ARM.Build.0 = Debug|Any CPU
		{9204F3CA-B2F1-4EB1-938B-F0786FD79CE5}.Debug|x64.ActiveCfg = Debug|Any CPU
		{9204F3CA-B2F1-4EB1-938B-F0786FD79CE5}.Debug|x64.Build.0 = Debug|Any CPU
		{9204F3CA-B2F1-4EB1-938B-F0786FD79CE5}.Debug|x86.ActiveCfg = Debug|Any CPU
		{9204F3CA-B2F1-4EB1-938B-F0786FD79CE5}.Debug|x86.Build.0 = Debug|Any CPU
		{9204F3CA-B2F1-4EB1-938B-F0786FD79CE5}.Release|Any CPU.ActiveCfg = Release|Any CPU
		{9204F3CA-B2F1-4EB1-938B-F0786FD79CE5}.Release|Any CPU.Build.0 = Release|Any CPU
		{9204F3CA-B2F1-4EB1-938B-F0786FD79CE5}.Release|ARM.ActiveCfg = Release|Any CPU
		{9204F3CA-B2F1-4EB1-938B-F0786FD79CE5}.Release|ARM.Build.0 = Release|Any CPU
		{9204F3CA-B2F1-4EB1-938B-F0786FD79CE5}.Release|x64.ActiveCfg = Release|Any CPU
		{9204F3CA-B2F1-4EB1-938B-F0786FD79CE5}.Release|x64.Build.0 = Release|Any CPU
		{9204F3CA-B2F1-4EB1-938B-F0786FD79CE5}.Release|x86.ActiveCfg = Release|Any CPU
		{9204F3CA-B2F1-4EB1-938B-F0786FD79CE5}.Release|x86.Build.0 = Release|Any CPU
		{F48C7AE1-D319-4915-83DF-34CC10E58507}.Debug|Any CPU.ActiveCfg = Debug|Any CPU
		{F48C7AE1-D319-4915-83DF-34CC10E58507}.Debug|Any CPU.Build.0 = Debug|Any CPU
		{F48C7AE1-D319-4915-83DF-34CC10E58507}.Debug|ARM.ActiveCfg = Debug|Any CPU
		{F48C7AE1-D319-4915-83DF-34CC10E58507}.Debug|ARM.Build.0 = Debug|Any CPU
		{F48C7AE1-D319-4915-83DF-34CC10E58507}.Debug|x64.ActiveCfg = Debug|Any CPU
		{F48C7AE1-D319-4915-83DF-34CC10E58507}.Debug|x64.Build.0 = Debug|Any CPU
		{F48C7AE1-D319-4915-83DF-34CC10E58507}.Debug|x86.ActiveCfg = Debug|Any CPU
		{F48C7AE1-D319-4915-83DF-34CC10E58507}.Debug|x86.Build.0 = Debug|Any CPU
		{F48C7AE1-D319-4915-83DF-34CC10E58507}.Release|Any CPU.ActiveCfg = Release|Any CPU
		{F48C7AE1-D319-4915-83DF-34CC10E58507}.Release|Any CPU.Build.0 = Release|Any CPU
		{F48C7AE1-D319-4915-83DF-34CC10E58507}.Release|ARM.ActiveCfg = Release|Any CPU
		{F48C7AE1-D319-4915-83DF-34CC10E58507}.Release|ARM.Build.0 = Release|Any CPU
		{F48C7AE1-D319-4915-83DF-34CC10E58507}.Release|x64.ActiveCfg = Release|Any CPU
		{F48C7AE1-D319-4915-83DF-34CC10E58507}.Release|x64.Build.0 = Release|Any CPU
		{F48C7AE1-D319-4915-83DF-34CC10E58507}.Release|x86.ActiveCfg = Release|Any CPU
		{F48C7AE1-D319-4915-83DF-34CC10E58507}.Release|x86.Build.0 = Release|Any CPU
		{A535F9E0-C8DD-426F-934E-17F10127A705}.Debug|Any CPU.ActiveCfg = Debug|Any CPU
		{A535F9E0-C8DD-426F-934E-17F10127A705}.Debug|Any CPU.Build.0 = Debug|Any CPU
		{A535F9E0-C8DD-426F-934E-17F10127A705}.Debug|ARM.ActiveCfg = Debug|Any CPU
		{A535F9E0-C8DD-426F-934E-17F10127A705}.Debug|ARM.Build.0 = Debug|Any CPU
		{A535F9E0-C8DD-426F-934E-17F10127A705}.Debug|x64.ActiveCfg = Debug|Any CPU
		{A535F9E0-C8DD-426F-934E-17F10127A705}.Debug|x64.Build.0 = Debug|Any CPU
		{A535F9E0-C8DD-426F-934E-17F10127A705}.Debug|x86.ActiveCfg = Debug|Any CPU
		{A535F9E0-C8DD-426F-934E-17F10127A705}.Debug|x86.Build.0 = Debug|Any CPU
		{A535F9E0-C8DD-426F-934E-17F10127A705}.Release|Any CPU.ActiveCfg = Release|Any CPU
		{A535F9E0-C8DD-426F-934E-17F10127A705}.Release|Any CPU.Build.0 = Release|Any CPU
		{A535F9E0-C8DD-426F-934E-17F10127A705}.Release|ARM.ActiveCfg = Release|Any CPU
		{A535F9E0-C8DD-426F-934E-17F10127A705}.Release|ARM.Build.0 = Release|Any CPU
		{A535F9E0-C8DD-426F-934E-17F10127A705}.Release|x64.ActiveCfg = Release|Any CPU
		{A535F9E0-C8DD-426F-934E-17F10127A705}.Release|x64.Build.0 = Release|Any CPU
		{A535F9E0-C8DD-426F-934E-17F10127A705}.Release|x86.ActiveCfg = Release|Any CPU
		{A535F9E0-C8DD-426F-934E-17F10127A705}.Release|x86.Build.0 = Release|Any CPU
		{E664DB04-1B2C-4E2E-8BD4-C65218244563}.Debug|Any CPU.ActiveCfg = Debug|Any CPU
		{E664DB04-1B2C-4E2E-8BD4-C65218244563}.Debug|Any CPU.Build.0 = Debug|Any CPU
		{E664DB04-1B2C-4E2E-8BD4-C65218244563}.Debug|ARM.ActiveCfg = Debug|Any CPU
		{E664DB04-1B2C-4E2E-8BD4-C65218244563}.Debug|ARM.Build.0 = Debug|Any CPU
		{E664DB04-1B2C-4E2E-8BD4-C65218244563}.Debug|x64.ActiveCfg = Debug|Any CPU
		{E664DB04-1B2C-4E2E-8BD4-C65218244563}.Debug|x64.Build.0 = Debug|Any CPU
		{E664DB04-1B2C-4E2E-8BD4-C65218244563}.Debug|x86.ActiveCfg = Debug|Any CPU
		{E664DB04-1B2C-4E2E-8BD4-C65218244563}.Debug|x86.Build.0 = Debug|Any CPU
		{E664DB04-1B2C-4E2E-8BD4-C65218244563}.Release|Any CPU.ActiveCfg = Release|Any CPU
		{E664DB04-1B2C-4E2E-8BD4-C65218244563}.Release|Any CPU.Build.0 = Release|Any CPU
		{E664DB04-1B2C-4E2E-8BD4-C65218244563}.Release|ARM.ActiveCfg = Release|Any CPU
		{E664DB04-1B2C-4E2E-8BD4-C65218244563}.Release|ARM.Build.0 = Release|Any CPU
		{E664DB04-1B2C-4E2E-8BD4-C65218244563}.Release|x64.ActiveCfg = Release|Any CPU
		{E664DB04-1B2C-4E2E-8BD4-C65218244563}.Release|x64.Build.0 = Release|Any CPU
		{E664DB04-1B2C-4E2E-8BD4-C65218244563}.Release|x86.ActiveCfg = Release|Any CPU
		{E664DB04-1B2C-4E2E-8BD4-C65218244563}.Release|x86.Build.0 = Release|Any CPU
		{B7941493-0F7F-450E-8F6F-45BDE098F93F}.Debug|Any CPU.ActiveCfg = Debug|Any CPU
		{B7941493-0F7F-450E-8F6F-45BDE098F93F}.Debug|Any CPU.Build.0 = Debug|Any CPU
		{B7941493-0F7F-450E-8F6F-45BDE098F93F}.Debug|ARM.ActiveCfg = Debug|Any CPU
		{B7941493-0F7F-450E-8F6F-45BDE098F93F}.Debug|ARM.Build.0 = Debug|Any CPU
		{B7941493-0F7F-450E-8F6F-45BDE098F93F}.Debug|x64.ActiveCfg = Debug|Any CPU
		{B7941493-0F7F-450E-8F6F-45BDE098F93F}.Debug|x64.Build.0 = Debug|Any CPU
		{B7941493-0F7F-450E-8F6F-45BDE098F93F}.Debug|x86.ActiveCfg = Debug|Any CPU
		{B7941493-0F7F-450E-8F6F-45BDE098F93F}.Debug|x86.Build.0 = Debug|Any CPU
		{B7941493-0F7F-450E-8F6F-45BDE098F93F}.Release|Any CPU.ActiveCfg = Release|Any CPU
		{B7941493-0F7F-450E-8F6F-45BDE098F93F}.Release|Any CPU.Build.0 = Release|Any CPU
		{B7941493-0F7F-450E-8F6F-45BDE098F93F}.Release|ARM.ActiveCfg = Release|Any CPU
		{B7941493-0F7F-450E-8F6F-45BDE098F93F}.Release|ARM.Build.0 = Release|Any CPU
		{B7941493-0F7F-450E-8F6F-45BDE098F93F}.Release|x64.ActiveCfg = Release|Any CPU
		{B7941493-0F7F-450E-8F6F-45BDE098F93F}.Release|x64.Build.0 = Release|Any CPU
		{B7941493-0F7F-450E-8F6F-45BDE098F93F}.Release|x86.ActiveCfg = Release|Any CPU
		{B7941493-0F7F-450E-8F6F-45BDE098F93F}.Release|x86.Build.0 = Release|Any CPU
		{863D4109-E39C-4E55-91DA-1A04CB10558A}.Debug|Any CPU.ActiveCfg = Debug|Any CPU
		{863D4109-E39C-4E55-91DA-1A04CB10558A}.Debug|Any CPU.Build.0 = Debug|Any CPU
		{863D4109-E39C-4E55-91DA-1A04CB10558A}.Debug|ARM.ActiveCfg = Debug|Any CPU
		{863D4109-E39C-4E55-91DA-1A04CB10558A}.Debug|ARM.Build.0 = Debug|Any CPU
		{863D4109-E39C-4E55-91DA-1A04CB10558A}.Debug|x64.ActiveCfg = Debug|Any CPU
		{863D4109-E39C-4E55-91DA-1A04CB10558A}.Debug|x64.Build.0 = Debug|Any CPU
		{863D4109-E39C-4E55-91DA-1A04CB10558A}.Debug|x86.ActiveCfg = Debug|Any CPU
		{863D4109-E39C-4E55-91DA-1A04CB10558A}.Debug|x86.Build.0 = Debug|Any CPU
		{863D4109-E39C-4E55-91DA-1A04CB10558A}.Release|Any CPU.ActiveCfg = Release|Any CPU
		{863D4109-E39C-4E55-91DA-1A04CB10558A}.Release|Any CPU.Build.0 = Release|Any CPU
		{863D4109-E39C-4E55-91DA-1A04CB10558A}.Release|ARM.ActiveCfg = Release|Any CPU
		{863D4109-E39C-4E55-91DA-1A04CB10558A}.Release|ARM.Build.0 = Release|Any CPU
		{863D4109-E39C-4E55-91DA-1A04CB10558A}.Release|x64.ActiveCfg = Release|Any CPU
		{863D4109-E39C-4E55-91DA-1A04CB10558A}.Release|x64.Build.0 = Release|Any CPU
		{863D4109-E39C-4E55-91DA-1A04CB10558A}.Release|x86.ActiveCfg = Release|Any CPU
		{863D4109-E39C-4E55-91DA-1A04CB10558A}.Release|x86.Build.0 = Release|Any CPU
		{1822852F-5589-40B9-8F86-7C2F881322C4}.Debug|Any CPU.ActiveCfg = Debug|Any CPU
		{1822852F-5589-40B9-8F86-7C2F881322C4}.Debug|Any CPU.Build.0 = Debug|Any CPU
		{1822852F-5589-40B9-8F86-7C2F881322C4}.Debug|ARM.ActiveCfg = Debug|Any CPU
		{1822852F-5589-40B9-8F86-7C2F881322C4}.Debug|ARM.Build.0 = Debug|Any CPU
		{1822852F-5589-40B9-8F86-7C2F881322C4}.Debug|x64.ActiveCfg = Debug|Any CPU
		{1822852F-5589-40B9-8F86-7C2F881322C4}.Debug|x64.Build.0 = Debug|Any CPU
		{1822852F-5589-40B9-8F86-7C2F881322C4}.Debug|x86.ActiveCfg = Debug|Any CPU
		{1822852F-5589-40B9-8F86-7C2F881322C4}.Debug|x86.Build.0 = Debug|Any CPU
		{1822852F-5589-40B9-8F86-7C2F881322C4}.Release|Any CPU.ActiveCfg = Release|Any CPU
		{1822852F-5589-40B9-8F86-7C2F881322C4}.Release|Any CPU.Build.0 = Release|Any CPU
		{1822852F-5589-40B9-8F86-7C2F881322C4}.Release|ARM.ActiveCfg = Release|Any CPU
		{1822852F-5589-40B9-8F86-7C2F881322C4}.Release|ARM.Build.0 = Release|Any CPU
		{1822852F-5589-40B9-8F86-7C2F881322C4}.Release|x64.ActiveCfg = Release|Any CPU
		{1822852F-5589-40B9-8F86-7C2F881322C4}.Release|x64.Build.0 = Release|Any CPU
		{1822852F-5589-40B9-8F86-7C2F881322C4}.Release|x86.ActiveCfg = Release|Any CPU
		{1822852F-5589-40B9-8F86-7C2F881322C4}.Release|x86.Build.0 = Release|Any CPU
		{4358E4D9-D210-48AC-844A-BA46F71F769D}.Debug|Any CPU.ActiveCfg = Debug|Any CPU
		{4358E4D9-D210-48AC-844A-BA46F71F769D}.Debug|Any CPU.Build.0 = Debug|Any CPU
		{4358E4D9-D210-48AC-844A-BA46F71F769D}.Debug|ARM.ActiveCfg = Debug|Any CPU
		{4358E4D9-D210-48AC-844A-BA46F71F769D}.Debug|ARM.Build.0 = Debug|Any CPU
		{4358E4D9-D210-48AC-844A-BA46F71F769D}.Debug|x64.ActiveCfg = Debug|Any CPU
		{4358E4D9-D210-48AC-844A-BA46F71F769D}.Debug|x64.Build.0 = Debug|Any CPU
		{4358E4D9-D210-48AC-844A-BA46F71F769D}.Debug|x86.ActiveCfg = Debug|Any CPU
		{4358E4D9-D210-48AC-844A-BA46F71F769D}.Debug|x86.Build.0 = Debug|Any CPU
		{4358E4D9-D210-48AC-844A-BA46F71F769D}.Release|Any CPU.ActiveCfg = Release|Any CPU
		{4358E4D9-D210-48AC-844A-BA46F71F769D}.Release|Any CPU.Build.0 = Release|Any CPU
		{4358E4D9-D210-48AC-844A-BA46F71F769D}.Release|ARM.ActiveCfg = Release|Any CPU
		{4358E4D9-D210-48AC-844A-BA46F71F769D}.Release|ARM.Build.0 = Release|Any CPU
		{4358E4D9-D210-48AC-844A-BA46F71F769D}.Release|x64.ActiveCfg = Release|Any CPU
		{4358E4D9-D210-48AC-844A-BA46F71F769D}.Release|x64.Build.0 = Release|Any CPU
		{4358E4D9-D210-48AC-844A-BA46F71F769D}.Release|x86.ActiveCfg = Release|Any CPU
		{4358E4D9-D210-48AC-844A-BA46F71F769D}.Release|x86.Build.0 = Release|Any CPU
		{875199DE-6CC4-40F8-B7E8-DA80F72FB5E8}.Debug|Any CPU.ActiveCfg = Debug|Any CPU
		{875199DE-6CC4-40F8-B7E8-DA80F72FB5E8}.Debug|Any CPU.Build.0 = Debug|Any CPU
		{875199DE-6CC4-40F8-B7E8-DA80F72FB5E8}.Debug|ARM.ActiveCfg = Debug|Any CPU
		{875199DE-6CC4-40F8-B7E8-DA80F72FB5E8}.Debug|ARM.Build.0 = Debug|Any CPU
		{875199DE-6CC4-40F8-B7E8-DA80F72FB5E8}.Debug|x64.ActiveCfg = Debug|Any CPU
		{875199DE-6CC4-40F8-B7E8-DA80F72FB5E8}.Debug|x64.Build.0 = Debug|Any CPU
		{875199DE-6CC4-40F8-B7E8-DA80F72FB5E8}.Debug|x86.ActiveCfg = Debug|Any CPU
		{875199DE-6CC4-40F8-B7E8-DA80F72FB5E8}.Debug|x86.Build.0 = Debug|Any CPU
		{875199DE-6CC4-40F8-B7E8-DA80F72FB5E8}.Release|Any CPU.ActiveCfg = Release|Any CPU
		{875199DE-6CC4-40F8-B7E8-DA80F72FB5E8}.Release|Any CPU.Build.0 = Release|Any CPU
		{875199DE-6CC4-40F8-B7E8-DA80F72FB5E8}.Release|ARM.ActiveCfg = Release|Any CPU
		{875199DE-6CC4-40F8-B7E8-DA80F72FB5E8}.Release|ARM.Build.0 = Release|Any CPU
		{875199DE-6CC4-40F8-B7E8-DA80F72FB5E8}.Release|x64.ActiveCfg = Release|Any CPU
		{875199DE-6CC4-40F8-B7E8-DA80F72FB5E8}.Release|x64.Build.0 = Release|Any CPU
		{875199DE-6CC4-40F8-B7E8-DA80F72FB5E8}.Release|x86.ActiveCfg = Release|Any CPU
		{875199DE-6CC4-40F8-B7E8-DA80F72FB5E8}.Release|x86.Build.0 = Release|Any CPU
		{316C2019-FCF4-4E3E-A4E5-07B433E0971B}.Debug|Any CPU.ActiveCfg = Debug|Any CPU
		{316C2019-FCF4-4E3E-A4E5-07B433E0971B}.Debug|Any CPU.Build.0 = Debug|Any CPU
		{316C2019-FCF4-4E3E-A4E5-07B433E0971B}.Debug|ARM.ActiveCfg = Debug|Any CPU
		{316C2019-FCF4-4E3E-A4E5-07B433E0971B}.Debug|ARM.Build.0 = Debug|Any CPU
		{316C2019-FCF4-4E3E-A4E5-07B433E0971B}.Debug|x64.ActiveCfg = Debug|Any CPU
		{316C2019-FCF4-4E3E-A4E5-07B433E0971B}.Debug|x64.Build.0 = Debug|Any CPU
		{316C2019-FCF4-4E3E-A4E5-07B433E0971B}.Debug|x86.ActiveCfg = Debug|Any CPU
		{316C2019-FCF4-4E3E-A4E5-07B433E0971B}.Debug|x86.Build.0 = Debug|Any CPU
		{316C2019-FCF4-4E3E-A4E5-07B433E0971B}.Release|Any CPU.ActiveCfg = Release|Any CPU
		{316C2019-FCF4-4E3E-A4E5-07B433E0971B}.Release|Any CPU.Build.0 = Release|Any CPU
		{316C2019-FCF4-4E3E-A4E5-07B433E0971B}.Release|ARM.ActiveCfg = Release|Any CPU
		{316C2019-FCF4-4E3E-A4E5-07B433E0971B}.Release|ARM.Build.0 = Release|Any CPU
		{316C2019-FCF4-4E3E-A4E5-07B433E0971B}.Release|x64.ActiveCfg = Release|Any CPU
		{316C2019-FCF4-4E3E-A4E5-07B433E0971B}.Release|x64.Build.0 = Release|Any CPU
		{316C2019-FCF4-4E3E-A4E5-07B433E0971B}.Release|x86.ActiveCfg = Release|Any CPU
		{316C2019-FCF4-4E3E-A4E5-07B433E0971B}.Release|x86.Build.0 = Release|Any CPU
	EndGlobalSection
	GlobalSection(SolutionProperties) = preSolution
		HideSolutionNode = FALSE
	EndGlobalSection
EndGlobal
